
Microsoft Visual Studio Solution File, Format Version 12.00
# Visual Studio Version 16
VisualStudioVersion = 16.0.30204.135
MinimumVisualStudioVersion = 10.0.40219.1
Project("{8BC9CEB8-8B4A-11D0-8D11-00A0C91BC942}") = "Lab 5.6", "Lab 5.6\Lab 5.6.vcxproj", "{42DCBEC7-5A91-40D9-9E22-2F39DBCABCA0}"
EndProject
Project("{8BC9CEB8-8B4A-11D0-8D11-00A0C91BC942}") = "UnitTest2", "UnitTest2\UnitTest2.vcxproj", "{032D8625-1134-4EFA-BB1A-35016F618449}"
EndProject
Global
	GlobalSection(SolutionConfigurationPlatforms) = preSolution
		Debug|x64 = Debug|x64
		Debug|x86 = Debug|x86
		Release|x64 = Release|x64
		Release|x86 = Release|x86
	EndGlobalSection
	GlobalSection(ProjectConfigurationPlatforms) = postSolution
		{42DCBEC7-5A91-40D9-9E22-2F39DBCABCA0}.Debug|x64.ActiveCfg = Debug|x64
		{42DCBEC7-5A91-40D9-9E22-2F39DBCABCA0}.Debug|x64.Build.0 = Debug|x64
		{42DCBEC7-5A91-40D9-9E22-2F39DBCABCA0}.Debug|x86.ActiveCfg = Debug|Win32
		{42DCBEC7-5A91-40D9-9E22-2F39DBCABCA0}.Debug|x86.Build.0 = Debug|Win32
		{42DCBEC7-5A91-40D9-9E22-2F39DBCABCA0}.Release|x64.ActiveCfg = Release|x64
		{42DCBEC7-5A91-40D9-9E22-2F39DBCABCA0}.Release|x64.Build.0 = Release|x64
		{42DCBEC7-5A91-40D9-9E22-2F39DBCABCA0}.Release|x86.ActiveCfg = Release|Win32
		{42DCBEC7-5A91-40D9-9E22-2F39DBCABCA0}.Release|x86.Build.0 = Release|Win32
		{032D8625-1134-4EFA-BB1A-35016F618449}.Debug|x64.ActiveCfg = Debug|x64
		{032D8625-1134-4EFA-BB1A-35016F618449}.Debug|x64.Build.0 = Debug|x64
		{032D8625-1134-4EFA-BB1A-35016F618449}.Debug|x86.ActiveCfg = Debug|Win32
		{032D8625-1134-4EFA-BB1A-35016F618449}.Debug|x86.Build.0 = Debug|Win32
		{032D8625-1134-4EFA-BB1A-35016F618449}.Release|x64.ActiveCfg = Release|x64
		{032D8625-1134-4EFA-BB1A-35016F618449}.Release|x64.Build.0 = Release|x64
		{032D8625-1134-4EFA-BB1A-35016F618449}.Release|x86.ActiveCfg = Release|Win32
		{032D8625-1134-4EFA-BB1A-35016F618449}.Release|x86.Build.0 = Release|Win32
	EndGlobalSection
	GlobalSection(SolutionProperties) = preSolution
		HideSolutionNode = FALSE
	EndGlobalSection
	GlobalSection(ExtensibilityGlobals) = postSolution
		SolutionGuid = {DB367E5D-F44C-4358-B769-EC39B2DAC461}
	EndGlobalSection
EndGlobal
